
Microsoft Visual Studio Solution File, Format Version 12.00
# Visual Studio Version 17
VisualStudioVersion = 17.4.33103.184
MinimumVisualStudioVersion = 10.0.40219.1
Project("{FAE04EC0-301F-11D3-BF4B-00C04F79EFBC}") = "E-Apartments", "E-Apartments\E-Apartments.csproj", "{BA9229B4-8EF0-4945-8B99-B4B6A065EB9E}"
EndProject
Global
	GlobalSection(SolutionConfigurationPlatforms) = preSolution
		Debug|Any CPU = Debug|Any CPU
		Release|Any CPU = Release|Any CPU
	EndGlobalSection
	GlobalSection(ProjectConfigurationPlatforms) = postSolution
		{BA9229B4-8EF0-4945-8B99-B4B6A065EB9E}.Debug|Any CPU.ActiveCfg = Debug|Any CPU
		{BA9229B4-8EF0-4945-8B99-B4B6A065EB9E}.Debug|Any CPU.Build.0 = Debug|Any CPU
		{BA9229B4-8EF0-4945-8B99-B4B6A065EB9E}.Release|Any CPU.ActiveCfg = Release|Any CPU
		{BA9229B4-8EF0-4945-8B99-B4B6A065EB9E}.Release|Any CPU.Build.0 = Release|Any CPU
	EndGlobalSection
	GlobalSection(SolutionProperties) = preSolution
		HideSolutionNode = FALSE
	EndGlobalSection
	GlobalSection(ExtensibilityGlobals) = postSolution
		SolutionGuid = {F7CE1B51-37C3-4C76-84A1-9C3A90F808C0}
	EndGlobalSection
EndGlobal
